<?xml version="1.0" encoding="UTF-8" standalone="yes" ?>
<CodeBlocks_project_file>
	<FileVersion major="1" minor="6" />
	<Project>
		<Option title="fmq-cppgame" />
		<Option pch_mode="2" />
		<Option compiler="gcc" />
		<Build>
			<Target title="Debug">
				<Option output="bin/Debug/fmq-cppgame" prefix_auto="1" extension_auto="1" />
				<Option object_output="obj/Debug/" />
				<Option type="1" />
				<Option compiler="gcc" />
				<Compiler>
					<Add option="-g" />
					<Add directory="src/entities/texture" />
					<Add directory="src/engine/state/menu-state" />
				</Compiler>
				<Linker>
					<Add library=".sfml/lib/libsfml-audio.so" />
					<Add library=".sfml/lib/libsfml-graphics.so" />
					<Add library=".sfml/lib/libsfml-network.so" />
					<Add library=".sfml/lib/libsfml-system.so" />
					<Add library=".sfml/lib/libsfml-window.so" />
				</Linker>
			</Target>
			<Target title="Release">
				<Option output="bin/Release/fmq-cppgame" prefix_auto="1" extension_auto="1" />
				<Option object_output="obj/Release/" />
				<Option type="1" />
				<Option compiler="gcc" />
				<Compiler>
					<Add option="-O2" />
					<Add directory="src/entities/texture" />
					<Add directory="src/engine/state/menu-state" />
				</Compiler>
				<Linker>
					<Add option="-s" />
					<Add library=".sfml/lib/libsfml-audio.so" />
					<Add library=".sfml/lib/libsfml-graphics.so" />
					<Add library=".sfml/lib/libsfml-network.so" />
					<Add library=".sfml/lib/libsfml-system.so" />
					<Add library=".sfml/lib/libsfml-window.so" />
				</Linker>
			</Target>
		</Build>
		<Compiler>
			<Add option="-Wall" />
			<Add directory=".sfml/include" />
		</Compiler>
		<Linker>
			<Add directory=".sfml/lib" />
			<Add directory="../fmq-cppgame" />
		</Linker>
		<Unit filename="src/engine/game/game.cpp" />
		<Unit filename="src/engine/game/game.h" />
		<Unit filename="src/engine/state/game-state/gamestate.cpp" />
		<Unit filename="src/engine/state/game-state/gamestate.h" />
		<Unit filename="src/engine/state/menu-state/menustate.cpp" />
		<Unit filename="src/engine/state/menu-state/menustate.h" />
		<Unit filename="src/engine/state/state.cpp" />
		<Unit filename="src/engine/state/state.h" />
		<Unit filename="src/entities/entity.cpp" />
		<Unit filename="src/entities/entity.h" />
		<Unit filename="src/entities/shapes/circle/circle.cpp" />
		<Unit filename="src/entities/shapes/circle/circle.h" />
		<Unit filename="src/entities/shapes/rectangle/rectangle.cpp" />
		<Unit filename="src/entities/shapes/rectangle/rectangle.h" />
		<Unit filename="src/entities/shapes/shapeentity.cpp" />
		<Unit filename="src/entities/shapes/shapeentity.h" />
		<Unit filename="src/entities/texture/texture.cpp" />
		<Unit filename="src/entities/texture/texture.h" />
		<Unit filename="src/main.cpp" />
		<Extensions>
			<code_completion />
			<debugger />
		</Extensions>
	</Project>
</CodeBlocks_project_file>
